{
  "object": {
    "pins": [
      {
        "package": "SDWebImage",
        "repositoryURL": "https://github.com/SDWebImage/SDWebImage",
        "state": {
          "branch": null,
          "revision": "76dd4b49110b8624317fc128e7fa0d8a252018bc",
          "version": "5.11.1"
        }
      },
      {
        "package": "SwiftUINavigator",
        "repositoryURL": "https://github.com/anioutkazharkova/swiftuinavigator",
        "state": {
          "branch": null,
          "revision": "c4603e6bcdb803bbe616bdf4ffee85f058495c83",
          "version": "1.0.0"
        }
      }
    ]
  },
  "version": 1
}
